// !$*UTF8*$!
{
	archiveVersion = 1;
	classes = {
	};
	objectVersion = 56;
	objects = {

/* Begin PBXBuildFile section */
		225248772B96637300B808FB /* AppDelegate.swift in Sources */ = {isa = PBXBuildFile; fileRef = 225248762B96637300B808FB /* AppDelegate.swift */; };
		225248792B96637300B808FB /* SceneDelegate.swift in Sources */ = {isa = PBXBuildFile; fileRef = 225248782B96637300B808FB /* SceneDelegate.swift */; };
		2252487B2B96637300B808FB /* ArtistBaseViewController.swift in Sources */ = {isa = PBXBuildFile; fileRef = 2252487A2B96637300B808FB /* ArtistBaseViewController.swift */; };
		2252487E2B96637300B808FB /* Main.storyboard in Resources */ = {isa = PBXBuildFile; fileRef = 2252487C2B96637300B808FB /* Main.storyboard */; };
		225248802B96637400B808FB /* Assets.xcassets in Resources */ = {isa = PBXBuildFile; fileRef = 2252487F2B96637400B808FB /* Assets.xcassets */; };
		225248832B96637400B808FB /* LaunchScreen.storyboard in Resources */ = {isa = PBXBuildFile; fileRef = 225248812B96637400B808FB /* LaunchScreen.storyboard */; };
		2252488E2B96637400B808FB /* WOM_AppTests.swift in Sources */ = {isa = PBXBuildFile; fileRef = 2252488D2B96637400B808FB /* WOM_AppTests.swift */; };
		225248982B96637400B808FB /* WOM_AppUITests.swift in Sources */ = {isa = PBXBuildFile; fileRef = 225248972B96637400B808FB /* WOM_AppUITests.swift */; };
		2252489A2B96637400B808FB /* WOM_AppUITestsLaunchTests.swift in Sources */ = {isa = PBXBuildFile; fileRef = 225248992B96637400B808FB /* WOM_AppUITestsLaunchTests.swift */; };
		225248AA2B96739500B808FB /* Model.swift in Sources */ = {isa = PBXBuildFile; fileRef = 225248A92B96739500B808FB /* Model.swift */; };
		225248AF2B967AAA00B808FB /* ArtistListApi.swift in Sources */ = {isa = PBXBuildFile; fileRef = 225248AE2B967AAA00B808FB /* ArtistListApi.swift */; };
		225248F92B9690F800B808FB /* URLFactory.swift in Sources */ = {isa = PBXBuildFile; fileRef = 225248F82B9690F800B808FB /* URLFactory.swift */; };
		225248FB2B9693C400B808FB /* ViewModel.swift in Sources */ = {isa = PBXBuildFile; fileRef = 225248FA2B9693C400B808FB /* ViewModel.swift */; };
		225248FF2B969E5E00B808FB /* ArtistListUseCase.swift in Sources */ = {isa = PBXBuildFile; fileRef = 225248FE2B969E5E00B808FB /* ArtistListUseCase.swift */; };
		225249022B96B07A00B808FB /* ArtistGlobalInfoCell.swift in Sources */ = {isa = PBXBuildFile; fileRef = 225249012B96B07A00B808FB /* ArtistGlobalInfoCell.swift */; };
		225249052B96B43600B808FB /* Kingfisher in Frameworks */ = {isa = PBXBuildFile; productRef = 225249042B96B43600B808FB /* Kingfisher */; };
		225249082B96C0EA00B808FB /* UIColor+Ext.swift in Sources */ = {isa = PBXBuildFile; fileRef = 225249072B96C0EA00B808FB /* UIColor+Ext.swift */; };
		226753DB2B96ED9200C5D1B8 /* ArtistDetailIViewController.swift in Sources */ = {isa = PBXBuildFile; fileRef = 226753DA2B96ED9200C5D1B8 /* ArtistDetailIViewController.swift */; };
		226753DD2B979C0A00C5D1B8 /* TabBarController.swift in Sources */ = {isa = PBXBuildFile; fileRef = 226753DC2B979C0A00C5D1B8 /* TabBarController.swift */; };
		226753DF2B97A6F700C5D1B8 /* HomeViewController.swift in Sources */ = {isa = PBXBuildFile; fileRef = 226753DE2B97A6F700C5D1B8 /* HomeViewController.swift */; };
		226753E12B97A71200C5D1B8 /* FavoritesViewController.swift in Sources */ = {isa = PBXBuildFile; fileRef = 226753E02B97A71200C5D1B8 /* FavoritesViewController.swift */; };
		226753E32B97B6AE00C5D1B8 /* HeaderInfoView.swift in Sources */ = {isa = PBXBuildFile; fileRef = 226753E22B97B6AE00C5D1B8 /* HeaderInfoView.swift */; };
		5D0CA1C82BAB2E9D00887C25 /* DetailViewSUI.swift in Sources */ = {isa = PBXBuildFile; fileRef = 5D0CA1C72BAB2E9D00887C25 /* DetailViewSUI.swift */; };
		5DDE34D12BA0E6B4003C929F /* ArtistListViewModel.swift in Sources */ = {isa = PBXBuildFile; fileRef = 5DDE34D02BA0E6B4003C929F /* ArtistListViewModel.swift */; };
/* End PBXBuildFile section */

/* Begin PBXContainerItemProxy section */
		2252488A2B96637400B808FB /* PBXContainerItemProxy */ = {
			isa = PBXContainerItemProxy;
			containerPortal = 2252486B2B96637300B808FB /* Project object */;
			proxyType = 1;
			remoteGlobalIDString = 225248722B96637300B808FB;
			remoteInfo = "WOM-App";
		};
		225248942B96637400B808FB /* PBXContainerItemProxy */ = {
			isa = PBXContainerItemProxy;
			containerPortal = 2252486B2B96637300B808FB /* Project object */;
			proxyType = 1;
			remoteGlobalIDString = 225248722B96637300B808FB;
			remoteInfo = "WOM-App";
		};
/* End PBXContainerItemProxy section */

/* Begin PBXFileReference section */
		225248732B96637300B808FB /* WOM-App.app */ = {isa = PBXFileReference; explicitFileType = wrapper.application; includeInIndex = 0; path = "WOM-App.app"; sourceTree = BUILT_PRODUCTS_DIR; };
		225248762B96637300B808FB /* AppDelegate.swift */ = {isa = PBXFileReference; lastKnownFileType = sourcecode.swift; path = AppDelegate.swift; sourceTree = "<group>"; };
		225248782B96637300B808FB /* SceneDelegate.swift */ = {isa = PBXFileReference; lastKnownFileType = sourcecode.swift; path = SceneDelegate.swift; sourceTree = "<group>"; };
		2252487A2B96637300B808FB /* ArtistBaseViewController.swift */ = {isa = PBXFileReference; lastKnownFileType = sourcecode.swift; path = ArtistBaseViewController.swift; sourceTree = "<group>"; };
		2252487D2B96637300B808FB /* Base */ = {isa = PBXFileReference; lastKnownFileType = file.storyboard; name = Base; path = Base.lproj/Main.storyboard; sourceTree = "<group>"; };
		2252487F2B96637400B808FB /* Assets.xcassets */ = {isa = PBXFileReference; lastKnownFileType = folder.assetcatalog; path = Assets.xcassets; sourceTree = "<group>"; };
		225248822B96637400B808FB /* Base */ = {isa = PBXFileReference; lastKnownFileType = file.storyboard; name = Base; path = Base.lproj/LaunchScreen.storyboard; sourceTree = "<group>"; };
		225248842B96637400B808FB /* Info.plist */ = {isa = PBXFileReference; lastKnownFileType = text.plist.xml; path = Info.plist; sourceTree = "<group>"; };
		225248892B96637400B808FB /* WOM-AppTests.xctest */ = {isa = PBXFileReference; explicitFileType = wrapper.cfbundle; includeInIndex = 0; path = "WOM-AppTests.xctest"; sourceTree = BUILT_PRODUCTS_DIR; };
		2252488D2B96637400B808FB /* WOM_AppTests.swift */ = {isa = PBXFileReference; lastKnownFileType = sourcecode.swift; path = WOM_AppTests.swift; sourceTree = "<group>"; };
		225248932B96637400B808FB /* WOM-AppUITests.xctest */ = {isa = PBXFileReference; explicitFileType = wrapper.cfbundle; includeInIndex = 0; path = "WOM-AppUITests.xctest"; sourceTree = BUILT_PRODUCTS_DIR; };
		225248972B96637400B808FB /* WOM_AppUITests.swift */ = {isa = PBXFileReference; lastKnownFileType = sourcecode.swift; path = WOM_AppUITests.swift; sourceTree = "<group>"; };
		225248992B96637400B808FB /* WOM_AppUITestsLaunchTests.swift */ = {isa = PBXFileReference; lastKnownFileType = sourcecode.swift; path = WOM_AppUITestsLaunchTests.swift; sourceTree = "<group>"; };
		225248A92B96739500B808FB /* Model.swift */ = {isa = PBXFileReference; lastKnownFileType = sourcecode.swift; path = Model.swift; sourceTree = "<group>"; };
		225248AE2B967AAA00B808FB /* ArtistListApi.swift */ = {isa = PBXFileReference; lastKnownFileType = sourcecode.swift; path = ArtistListApi.swift; sourceTree = "<group>"; };
		225248F82B9690F800B808FB /* URLFactory.swift */ = {isa = PBXFileReference; lastKnownFileType = sourcecode.swift; path = URLFactory.swift; sourceTree = "<group>"; };
		225248FA2B9693C400B808FB /* ViewModel.swift */ = {isa = PBXFileReference; lastKnownFileType = sourcecode.swift; path = ViewModel.swift; sourceTree = "<group>"; };
		225248FE2B969E5E00B808FB /* ArtistListUseCase.swift */ = {isa = PBXFileReference; lastKnownFileType = sourcecode.swift; path = ArtistListUseCase.swift; sourceTree = "<group>"; };
		225249012B96B07A00B808FB /* ArtistGlobalInfoCell.swift */ = {isa = PBXFileReference; lastKnownFileType = sourcecode.swift; path = ArtistGlobalInfoCell.swift; sourceTree = "<group>"; };
		225249072B96C0EA00B808FB /* UIColor+Ext.swift */ = {isa = PBXFileReference; lastKnownFileType = sourcecode.swift; path = "UIColor+Ext.swift"; sourceTree = "<group>"; };
		226753DA2B96ED9200C5D1B8 /* ArtistDetailIViewController.swift */ = {isa = PBXFileReference; lastKnownFileType = sourcecode.swift; path = ArtistDetailIViewController.swift; sourceTree = "<group>"; };
		226753DC2B979C0A00C5D1B8 /* TabBarController.swift */ = {isa = PBXFileReference; lastKnownFileType = sourcecode.swift; path = TabBarController.swift; sourceTree = "<group>"; };
		226753DE2B97A6F700C5D1B8 /* HomeViewController.swift */ = {isa = PBXFileReference; lastKnownFileType = sourcecode.swift; path = HomeViewController.swift; sourceTree = "<group>"; };
		226753E02B97A71200C5D1B8 /* FavoritesViewController.swift */ = {isa = PBXFileReference; lastKnownFileType = sourcecode.swift; path = FavoritesViewController.swift; sourceTree = "<group>"; };
		226753E22B97B6AE00C5D1B8 /* HeaderInfoView.swift */ = {isa = PBXFileReference; lastKnownFileType = sourcecode.swift; path = HeaderInfoView.swift; sourceTree = "<group>"; };
		5D0CA1C72BAB2E9D00887C25 /* DetailViewSUI.swift */ = {isa = PBXFileReference; lastKnownFileType = sourcecode.swift; path = DetailViewSUI.swift; sourceTree = "<group>"; };
		5DDE34D02BA0E6B4003C929F /* ArtistListViewModel.swift */ = {isa = PBXFileReference; lastKnownFileType = sourcecode.swift; path = ArtistListViewModel.swift; sourceTree = "<group>"; };
/* End PBXFileReference section */

/* Begin PBXFrameworksBuildPhase section */
		225248702B96637300B808FB /* Frameworks */ = {
			isa = PBXFrameworksBuildPhase;
			buildActionMask = 2147483647;
			files = (
				225249052B96B43600B808FB /* Kingfisher in Frameworks */,
			);
			runOnlyForDeploymentPostprocessing = 0;
		};
		225248862B96637400B808FB /* Frameworks */ = {
			isa = PBXFrameworksBuildPhase;
			buildActionMask = 2147483647;
			files = (
			);
			runOnlyForDeploymentPostprocessing = 0;
		};
		225248902B96637400B808FB /* Frameworks */ = {
			isa = PBXFrameworksBuildPhase;
			buildActionMask = 2147483647;
			files = (
			);
			runOnlyForDeploymentPostprocessing = 0;
		};
/* End PBXFrameworksBuildPhase section */

/* Begin PBXGroup section */
		2252486A2B96637300B808FB = {
			isa = PBXGroup;
			children = (
				225248752B96637300B808FB /* WOM-App */,
				2252488C2B96637400B808FB /* WOM-AppTests */,
				225248962B96637400B808FB /* WOM-AppUITests */,
				225248742B96637300B808FB /* Products */,
			);
			sourceTree = "<group>";
		};
		225248742B96637300B808FB /* Products */ = {
			isa = PBXGroup;
			children = (
				225248732B96637300B808FB /* WOM-App.app */,
				225248892B96637400B808FB /* WOM-AppTests.xctest */,
				225248932B96637400B808FB /* WOM-AppUITests.xctest */,
			);
			name = Products;
			sourceTree = "<group>";
		};
		225248752B96637300B808FB /* WOM-App */ = {
			isa = PBXGroup;
			children = (
				5DDE34CF2BA0E66E003C929F /* ViewModel */,
				225249062B96C0D400B808FB /* Extensions */,
				225248F72B9690D800B808FB /* Network */,
				225248AB2B967A6700B808FB /* Data */,
				225248A82B96710000B808FB /* Domain */,
				225248A72B9670EC00B808FB /* View */,
				225248762B96637300B808FB /* AppDelegate.swift */,
				225248782B96637300B808FB /* SceneDelegate.swift */,
				2252487C2B96637300B808FB /* Main.storyboard */,
				2252487F2B96637400B808FB /* Assets.xcassets */,
				225248812B96637400B808FB /* LaunchScreen.storyboard */,
				225248842B96637400B808FB /* Info.plist */,
			);
			path = "WOM-App";
			sourceTree = "<group>";
		};
		2252488C2B96637400B808FB /* WOM-AppTests */ = {
			isa = PBXGroup;
			children = (
				2252488D2B96637400B808FB /* WOM_AppTests.swift */,
			);
			path = "WOM-AppTests";
			sourceTree = "<group>";
		};
		225248962B96637400B808FB /* WOM-AppUITests */ = {
			isa = PBXGroup;
			children = (
				225248972B96637400B808FB /* WOM_AppUITests.swift */,
				225248992B96637400B808FB /* WOM_AppUITestsLaunchTests.swift */,
			);
			path = "WOM-AppUITests";
			sourceTree = "<group>";
		};
		225248A72B9670EC00B808FB /* View */ = {
			isa = PBXGroup;
			children = (
				226753DA2B96ED9200C5D1B8 /* ArtistDetailIViewController.swift */,
				2252487A2B96637300B808FB /* ArtistBaseViewController.swift */,
				226753DE2B97A6F700C5D1B8 /* HomeViewController.swift */,
				226753E02B97A71200C5D1B8 /* FavoritesViewController.swift */,
				226753DC2B979C0A00C5D1B8 /* TabBarController.swift */,
				225249002B96B03F00B808FB /* Components */,
			);
			path = View;
			sourceTree = "<group>";
		};
		225248A82B96710000B808FB /* Domain */ = {
			isa = PBXGroup;
			children = (
				225248FD2B969E3A00B808FB /* UseCase */,
				225248FC2B969E2C00B808FB /* Model */,
			);
			path = Domain;
			sourceTree = "<group>";
		};
		225248AB2B967A6700B808FB /* Data */ = {
			isa = PBXGroup;
			children = (
				225248AE2B967AAA00B808FB /* ArtistListApi.swift */,
			);
			path = Data;
			sourceTree = "<group>";
		};
		225248F72B9690D800B808FB /* Network */ = {
			isa = PBXGroup;
			children = (
				225248F82B9690F800B808FB /* URLFactory.swift */,
			);
			path = Network;
			sourceTree = "<group>";
		};
		225248FC2B969E2C00B808FB /* Model */ = {
			isa = PBXGroup;
			children = (
				225248A92B96739500B808FB /* Model.swift */,
				225248FA2B9693C400B808FB /* ViewModel.swift */,
			);
			path = Model;
			sourceTree = "<group>";
		};
		225248FD2B969E3A00B808FB /* UseCase */ = {
			isa = PBXGroup;
			children = (
				225248FE2B969E5E00B808FB /* ArtistListUseCase.swift */,
			);
			path = UseCase;
			sourceTree = "<group>";
		};
		225249002B96B03F00B808FB /* Components */ = {
			isa = PBXGroup;
			children = (
				225249012B96B07A00B808FB /* ArtistGlobalInfoCell.swift */,
				226753E22B97B6AE00C5D1B8 /* HeaderInfoView.swift */,
				5D0CA1C72BAB2E9D00887C25 /* DetailViewSUI.swift */,
			);
			path = Components;
			sourceTree = "<group>";
		};
		225249062B96C0D400B808FB /* Extensions */ = {
			isa = PBXGroup;
			children = (
				225249072B96C0EA00B808FB /* UIColor+Ext.swift */,
			);
			path = Extensions;
			sourceTree = "<group>";
		};
		5DDE34CF2BA0E66E003C929F /* ViewModel */ = {
			isa = PBXGroup;
			children = (
				5DDE34D02BA0E6B4003C929F /* ArtistListViewModel.swift */,
			);
			path = ViewModel;
			sourceTree = "<group>";
		};
/* End PBXGroup section */

/* Begin PBXNativeTarget section */
		225248722B96637300B808FB /* WOM-App */ = {
			isa = PBXNativeTarget;
			buildConfigurationList = 2252489D2B96637400B808FB /* Build configuration list for PBXNativeTarget "WOM-App" */;
			buildPhases = (
				2252486F2B96637300B808FB /* Sources */,
				225248702B96637300B808FB /* Frameworks */,
				225248712B96637300B808FB /* Resources */,
			);
			buildRules = (
			);
			dependencies = (
			);
			name = "WOM-App";
			packageProductDependencies = (
				225249042B96B43600B808FB /* Kingfisher */,
			);
			productName = "WOM-App";
			productReference = 225248732B96637300B808FB /* WOM-App.app */;
			productType = "com.apple.product-type.application";
		};
		225248882B96637400B808FB /* WOM-AppTests */ = {
			isa = PBXNativeTarget;
			buildConfigurationList = 225248A02B96637400B808FB /* Build configuration list for PBXNativeTarget "WOM-AppTests" */;
			buildPhases = (
				225248852B96637400B808FB /* Sources */,
				225248862B96637400B808FB /* Frameworks */,
				225248872B96637400B808FB /* Resources */,
			);
			buildRules = (
			);
			dependencies = (
				2252488B2B96637400B808FB /* PBXTargetDependency */,
			);
			name = "WOM-AppTests";
			productName = "WOM-AppTests";
			productReference = 225248892B96637400B808FB /* WOM-AppTests.xctest */;
			productType = "com.apple.product-type.bundle.unit-test";
		};
		225248922B96637400B808FB /* WOM-AppUITests */ = {
			isa = PBXNativeTarget;
			buildConfigurationList = 225248A32B96637400B808FB /* Build configuration list for PBXNativeTarget "WOM-AppUITests" */;
			buildPhases = (
				2252488F2B96637400B808FB /* Sources */,
				225248902B96637400B808FB /* Frameworks */,
				225248912B96637400B808FB /* Resources */,
			);
			buildRules = (
			);
			dependencies = (
				225248952B96637400B808FB /* PBXTargetDependency */,
			);
			name = "WOM-AppUITests";
			productName = "WOM-AppUITests";
			productReference = 225248932B96637400B808FB /* WOM-AppUITests.xctest */;
			productType = "com.apple.product-type.bundle.ui-testing";
		};
/* End PBXNativeTarget section */

/* Begin PBXProject section */
		2252486B2B96637300B808FB /* Project object */ = {
			isa = PBXProject;
			attributes = {
				BuildIndependentTargetsInParallel = 1;
				LastSwiftUpdateCheck = 1520;
				LastUpgradeCheck = 1520;
				TargetAttributes = {
					225248722B96637300B808FB = {
						CreatedOnToolsVersion = 15.2;
					};
					225248882B96637400B808FB = {
						CreatedOnToolsVersion = 15.2;
						TestTargetID = 225248722B96637300B808FB;
					};
					225248922B96637400B808FB = {
						CreatedOnToolsVersion = 15.2;
						TestTargetID = 225248722B96637300B808FB;
					};
				};
			};
			buildConfigurationList = 2252486E2B96637300B808FB /* Build configuration list for PBXProject "WOM-App" */;
			compatibilityVersion = "Xcode 14.0";
			developmentRegion = en;
			hasScannedForEncodings = 0;
			knownRegions = (
				en,
				Base,
			);
			mainGroup = 2252486A2B96637300B808FB;
			packageReferences = (
				225249032B96B43600B808FB /* XCRemoteSwiftPackageReference "Kingfisher" */,
			);
			productRefGroup = 225248742B96637300B808FB /* Products */;
			projectDirPath = "";
			projectRoot = "";
			targets = (
				225248722B96637300B808FB /* WOM-App */,
				225248882B96637400B808FB /* WOM-AppTests */,
				225248922B96637400B808FB /* WOM-AppUITests */,
			);
		};
/* End PBXProject section */

/* Begin PBXResourcesBuildPhase section */
		225248712B96637300B808FB /* Resources */ = {
			isa = PBXResourcesBuildPhase;
			buildActionMask = 2147483647;
			files = (
				225248832B96637400B808FB /* LaunchScreen.storyboard in Resources */,
				225248802B96637400B808FB /* Assets.xcassets in Resources */,
				2252487E2B96637300B808FB /* Main.storyboard in Resources */,
			);
			runOnlyForDeploymentPostprocessing = 0;
		};
		225248872B96637400B808FB /* Resources */ = {
			isa = PBXResourcesBuildPhase;
			buildActionMask = 2147483647;
			files = (
			);
			runOnlyForDeploymentPostprocessing = 0;
		};
		225248912B96637400B808FB /* Resources */ = {
			isa = PBXResourcesBuildPhase;
			buildActionMask = 2147483647;
			files = (
			);
			runOnlyForDeploymentPostprocessing = 0;
		};
/* End PBXResourcesBuildPhase section */

/* Begin PBXSourcesBuildPhase section */
		2252486F2B96637300B808FB /* Sources */ = {
			isa = PBXSourcesBuildPhase;
			buildActionMask = 2147483647;
			files = (
				226753E32B97B6AE00C5D1B8 /* HeaderInfoView.swift in Sources */,
				2252487B2B96637300B808FB /* ArtistBaseViewController.swift in Sources */,
				225248772B96637300B808FB /* AppDelegate.swift in Sources */,
				5DDE34D12BA0E6B4003C929F /* ArtistListViewModel.swift in Sources */,
				226753E12B97A71200C5D1B8 /* FavoritesViewController.swift in Sources */,
				225248F92B9690F800B808FB /* URLFactory.swift in Sources */,
				225248792B96637300B808FB /* SceneDelegate.swift in Sources */,
				226753DD2B979C0A00C5D1B8 /* TabBarController.swift in Sources */,
				225248AF2B967AAA00B808FB /* ArtistListApi.swift in Sources */,
				225248AA2B96739500B808FB /* Model.swift in Sources */,
				226753DB2B96ED9200C5D1B8 /* ArtistDetailIViewController.swift in Sources */,
				225248FF2B969E5E00B808FB /* ArtistListUseCase.swift in Sources */,
				225249082B96C0EA00B808FB /* UIColor+Ext.swift in Sources */,
				225249022B96B07A00B808FB /* ArtistGlobalInfoCell.swift in Sources */,
				226753DF2B97A6F700C5D1B8 /* HomeViewController.swift in Sources */,
				225248FB2B9693C400B808FB /* ViewModel.swift in Sources */,
				5D0CA1C82BAB2E9D00887C25 /* DetailViewSUI.swift in Sources */,
			);
			runOnlyForDeploymentPostprocessing = 0;
		};
		225248852B96637400B808FB /* Sources */ = {
			isa = PBXSourcesBuildPhase;
			buildActionMask = 2147483647;
			files = (
				2252488E2B96637400B808FB /* WOM_AppTests.swift in Sources */,
			);
			runOnlyForDeploymentPostprocessing = 0;
		};
		2252488F2B96637400B808FB /* Sources */ = {
			isa = PBXSourcesBuildPhase;
			buildActionMask = 2147483647;
			files = (
				2252489A2B96637400B808FB /* WOM_AppUITestsLaunchTests.swift in Sources */,
				225248982B96637400B808FB /* WOM_AppUITests.swift in Sources */,
			);
			runOnlyForDeploymentPostprocessing = 0;
		};
/* End PBXSourcesBuildPhase section */

/* Begin PBXTargetDependency section */
		2252488B2B96637400B808FB /* PBXTargetDependency */ = {
			isa = PBXTargetDependency;
			target = 225248722B96637300B808FB /* WOM-App */;
			targetProxy = 2252488A2B96637400B808FB /* PBXContainerItemProxy */;
		};
		225248952B96637400B808FB /* PBXTargetDependency */ = {
			isa = PBXTargetDependency;
			target = 225248722B96637300B808FB /* WOM-App */;
			targetProxy = 225248942B96637400B808FB /* PBXContainerItemProxy */;
		};
/* End PBXTargetDependency section */

/* Begin PBXVariantGroup section */
		2252487C2B96637300B808FB /* Main.storyboard */ = {
			isa = PBXVariantGroup;
			children = (
				2252487D2B96637300B808FB /* Base */,
			);
			name = Main.storyboard;
			sourceTree = "<group>";
		};
		225248812B96637400B808FB /* LaunchScreen.storyboard */ = {
			isa = PBXVariantGroup;
			children = (
				225248822B96637400B808FB /* Base */,
			);
			name = LaunchScreen.storyboard;
			sourceTree = "<group>";
		};
/* End PBXVariantGroup section */

/* Begin XCBuildConfiguration section */
		2252489B2B96637400B808FB /* Debug */ = {
			isa = XCBuildConfiguration;
			buildSettings = {
				ALWAYS_SEARCH_USER_PATHS = NO;
				ASSETCATALOG_COMPILER_GENERATE_SWIFT_ASSET_SYMBOL_EXTENSIONS = YES;
				CLANG_ANALYZER_NONNULL = YES;
				CLANG_ANALYZER_NUMBER_OBJECT_CONVERSION = YES_AGGRESSIVE;
				CLANG_CXX_LANGUAGE_STANDARD = "gnu++20";
				CLANG_ENABLE_MODULES = YES;
				CLANG_ENABLE_OBJC_ARC = YES;
				CLANG_ENABLE_OBJC_WEAK = YES;
				CLANG_WARN_BLOCK_CAPTURE_AUTORELEASING = YES;
				CLANG_WARN_BOOL_CONVERSION = YES;
				CLANG_WARN_COMMA = YES;
				CLANG_WARN_CONSTANT_CONVERSION = YES;
				CLANG_WARN_DEPRECATED_OBJC_IMPLEMENTATIONS = YES;
				CLANG_WARN_DIRECT_OBJC_ISA_USAGE = YES_ERROR;
				CLANG_WARN_DOCUMENTATION_COMMENTS = YES;
				CLANG_WARN_EMPTY_BODY = YES;
				CLANG_WARN_ENUM_CONVERSION = YES;
				CLANG_WARN_INFINITE_RECURSION = YES;
				CLANG_WARN_INT_CONVERSION = YES;
				CLANG_WARN_NON_LITERAL_NULL_CONVERSION = YES;
				CLANG_WARN_OBJC_IMPLICIT_RETAIN_SELF = YES;
				CLANG_WARN_OBJC_LITERAL_CONVERSION = YES;
				CLANG_WARN_OBJC_ROOT_CLASS = YES_ERROR;
				CLANG_WARN_QUOTED_INCLUDE_IN_FRAMEWORK_HEADER = YES;
				CLANG_WARN_RANGE_LOOP_ANALYSIS = YES;
				CLANG_WARN_STRICT_PROTOTYPES = YES;
				CLANG_WARN_SUSPICIOUS_MOVE = YES;
				CLANG_WARN_UNGUARDED_AVAILABILITY = YES_AGGRESSIVE;
				CLANG_WARN_UNREACHABLE_CODE = YES;
				CLANG_WARN__DUPLICATE_METHOD_MATCH = YES;
				COPY_PHASE_STRIP = NO;
				DEBUG_INFORMATION_FORMAT = dwarf;
				ENABLE_STRICT_OBJC_MSGSEND = YES;
				ENABLE_TESTABILITY = YES;
				ENABLE_USER_SCRIPT_SANDBOXING = YES;
				GCC_C_LANGUAGE_STANDARD = gnu17;
				GCC_DYNAMIC_NO_PIC = NO;
				GCC_NO_COMMON_BLOCKS = YES;
				GCC_OPTIMIZATION_LEVEL = 0;
				GCC_PREPROCESSOR_DEFINITIONS = (
					"DEBUG=1",
					"$(inherited)",
				);
				GCC_WARN_64_TO_32_BIT_CONVERSION = YES;
				GCC_WARN_ABOUT_RETURN_TYPE = YES_ERROR;
				GCC_WARN_UNDECLARED_SELECTOR = YES;
				GCC_WARN_UNINITIALIZED_AUTOS = YES_AGGRESSIVE;
				GCC_WARN_UNUSED_FUNCTION = YES;
				GCC_WARN_UNUSED_VARIABLE = YES;
				IPHONEOS_DEPLOYMENT_TARGET = 17.2;
				LOCALIZATION_PREFERS_STRING_CATALOGS = YES;
				MTL_ENABLE_DEBUG_INFO = INCLUDE_SOURCE;
				MTL_FAST_MATH = YES;
				ONLY_ACTIVE_ARCH = YES;
				SDKROOT = iphoneos;
				SWIFT_ACTIVE_COMPILATION_CONDITIONS = "DEBUG $(inherited)";
				SWIFT_OPTIMIZATION_LEVEL = "-Onone";
			};
			name = Debug;
		};
		2252489C2B96637400B808FB /* Release */ = {
			isa = XCBuildConfiguration;
			buildSettings = {
				ALWAYS_SEARCH_USER_PATHS = NO;
				ASSETCATALOG_COMPILER_GENERATE_SWIFT_ASSET_SYMBOL_EXTENSIONS = YES;
				CLANG_ANALYZER_NONNULL = YES;
				CLANG_ANALYZER_NUMBER_OBJECT_CONVERSION = YES_AGGRESSIVE;
				CLANG_CXX_LANGUAGE_STANDARD = "gnu++20";
				CLANG_ENABLE_MODULES = YES;
				CLANG_ENABLE_OBJC_ARC = YES;
				CLANG_ENABLE_OBJC_WEAK = YES;
				CLANG_WARN_BLOCK_CAPTURE_AUTORELEASING = YES;
				CLANG_WARN_BOOL_CONVERSION = YES;
				CLANG_WARN_COMMA = YES;
				CLANG_WARN_CONSTANT_CONVERSION = YES;
				CLANG_WARN_DEPRECATED_OBJC_IMPLEMENTATIONS = YES;
				CLANG_WARN_DIRECT_OBJC_ISA_USAGE = YES_ERROR;
				CLANG_WARN_DOCUMENTATION_COMMENTS = YES;
				CLANG_WARN_EMPTY_BODY = YES;
				CLANG_WARN_ENUM_CONVERSION = YES;
				CLANG_WARN_INFINITE_RECURSION = YES;
				CLANG_WARN_INT_CONVERSION = YES;
				CLANG_WARN_NON_LITERAL_NULL_CONVERSION = YES;
				CLANG_WARN_OBJC_IMPLICIT_RETAIN_SELF = YES;
				CLANG_WARN_OBJC_LITERAL_CONVERSION = YES;
				CLANG_WARN_OBJC_ROOT_CLASS = YES_ERROR;
				CLANG_WARN_QUOTED_INCLUDE_IN_FRAMEWORK_HEADER = YES;
				CLANG_WARN_RANGE_LOOP_ANALYSIS = YES;
				CLANG_WARN_STRICT_PROTOTYPES = YES;
				CLANG_WARN_SUSPICIOUS_MOVE = YES;
				CLANG_WARN_UNGUARDED_AVAILABILITY = YES_AGGRESSIVE;
				CLANG_WARN_UNREACHABLE_CODE = YES;
				CLANG_WARN__DUPLICATE_METHOD_MATCH = YES;
				COPY_PHASE_STRIP = NO;
				DEBUG_INFORMATION_FORMAT = "dwarf-with-dsym";
				ENABLE_NS_ASSERTIONS = NO;
				ENABLE_STRICT_OBJC_MSGSEND = YES;
				ENABLE_USER_SCRIPT_SANDBOXING = YES;
				GCC_C_LANGUAGE_STANDARD = gnu17;
				GCC_NO_COMMON_BLOCKS = YES;
				GCC_WARN_64_TO_32_BIT_CONVERSION = YES;
				GCC_WARN_ABOUT_RETURN_TYPE = YES_ERROR;
				GCC_WARN_UNDECLARED_SELECTOR = YES;
				GCC_WARN_UNINITIALIZED_AUTOS = YES_AGGRESSIVE;
				GCC_WARN_UNUSED_FUNCTION = YES;
				GCC_WARN_UNUSED_VARIABLE = YES;
				IPHONEOS_DEPLOYMENT_TARGET = 17.2;
				LOCALIZATION_PREFERS_STRING_CATALOGS = YES;
				MTL_ENABLE_DEBUG_INFO = NO;
				MTL_FAST_MATH = YES;
				SDKROOT = iphoneos;
				SWIFT_COMPILATION_MODE = wholemodule;
				VALIDATE_PRODUCT = YES;
			};
			name = Release;
		};
		2252489E2B96637400B808FB /* Debug */ = {
			isa = XCBuildConfiguration;
			buildSettings = {
				ASSETCATALOG_COMPILER_APPICON_NAME = AppIcon;
				ASSETCATALOG_COMPILER_GLOBAL_ACCENT_COLOR_NAME = AccentColor;
				CODE_SIGN_STYLE = Automatic;
				CURRENT_PROJECT_VERSION = 1;
				GENERATE_INFOPLIST_FILE = YES;
				INFOPLIST_FILE = "WOM-App/Info.plist";
				INFOPLIST_KEY_UIApplicationSupportsIndirectInputEvents = YES;
				INFOPLIST_KEY_UILaunchStoryboardName = LaunchScreen;
				INFOPLIST_KEY_UIMainStoryboardFile = Main;
				INFOPLIST_KEY_UISupportedInterfaceOrientations_iPad = "UIInterfaceOrientationPortrait UIInterfaceOrientationPortraitUpsideDown UIInterfaceOrientationLandscapeLeft UIInterfaceOrientationLandscapeRight";
				INFOPLIST_KEY_UISupportedInterfaceOrientations_iPhone = "UIInterfaceOrientationPortrait UIInterfaceOrientationLandscapeLeft UIInterfaceOrientationLandscapeRight";
				LD_RUNPATH_SEARCH_PATHS = (
					"$(inherited)",
					"@executable_path/Frameworks",
				);
				MARKETING_VERSION = 1.0;
				PRODUCT_BUNDLE_IDENTIFIER = "DanielCarpio.WOM-App";
				PRODUCT_NAME = "$(TARGET_NAME)";
				SWIFT_EMIT_LOC_STRINGS = YES;
				SWIFT_VERSION = 5.0;
				TARGETED_DEVICE_FAMILY = "1,2";
			};
			name = Debug;
		};
		2252489F2B96637400B808FB /* Release */ = {
			isa = XCBuildConfiguration;
			buildSettings = {
				ASSETCATALOG_COMPILER_APPICON_NAME = AppIcon;
				ASSETCATALOG_COMPILER_GLOBAL_ACCENT_COLOR_NAME = AccentColor;
				CODE_SIGN_STYLE = Automatic;
				CURRENT_PROJECT_VERSION = 1;
				GENERATE_INFOPLIST_FILE = YES;
				INFOPLIST_FILE = "WOM-App/Info.plist";
				INFOPLIST_KEY_UIApplicationSupportsIndirectInputEvents = YES;
				INFOPLIST_KEY_UILaunchStoryboardName = LaunchScreen;
				INFOPLIST_KEY_UIMainStoryboardFile = Main;
				INFOPLIST_KEY_UISupportedInterfaceOrientations_iPad = "UIInterfaceOrientationPortrait UIInterfaceOrientationPortraitUpsideDown UIInterfaceOrientationLandscapeLeft UIInterfaceOrientationLandscapeRight";
				INFOPLIST_KEY_UISupportedInterfaceOrientations_iPhone = "UIInterfaceOrientationPortrait UIInterfaceOrientationLandscapeLeft UIInterfaceOrientationLandscapeRight";
				LD_RUNPATH_SEARCH_PATHS = (
					"$(inherited)",
					"@executable_path/Frameworks",
				);
				MARKETING_VERSION = 1.0;
				PRODUCT_BUNDLE_IDENTIFIER = "DanielCarpio.WOM-App";
				PRODUCT_NAME = "$(TARGET_NAME)";
				SWIFT_EMIT_LOC_STRINGS = YES;
				SWIFT_VERSION = 5.0;
				TARGETED_DEVICE_FAMILY = "1,2";
			};
			name = Release;
		};
		225248A12B96637400B808FB /* Debug */ = {
			isa = XCBuildConfiguration;
			buildSettings = {
				ALWAYS_EMBED_SWIFT_STANDARD_LIBRARIES = YES;
				BUNDLE_LOADER = "$(TEST_HOST)";
				CODE_SIGN_STYLE = Automatic;
				CURRENT_PROJECT_VERSION = 1;
				GENERATE_INFOPLIST_FILE = YES;
				IPHONEOS_DEPLOYMENT_TARGET = 17.2;
				MARKETING_VERSION = 1.0;
				PRODUCT_BUNDLE_IDENTIFIER = "DanielCarpio.WOM-AppTests";
				PRODUCT_NAME = "$(TARGET_NAME)";
				SWIFT_EMIT_LOC_STRINGS = NO;
				SWIFT_VERSION = 5.0;
				TARGETED_DEVICE_FAMILY = "1,2";
				TEST_HOST = "$(BUILT_PRODUCTS_DIR)/WOM-App.app/$(BUNDLE_EXECUTABLE_FOLDER_PATH)/WOM-App";
			};
			name = Debug;
		};
		225248A22B96637400B808FB /* Release */ = {
			isa = XCBuildConfiguration;
			buildSettings = {
				ALWAYS_EMBED_SWIFT_STANDARD_LIBRARIES = YES;
				BUNDLE_LOADER = "$(TEST_HOST)";
				CODE_SIGN_STYLE = Automatic;
				CURRENT_PROJECT_VERSION = 1;
				GENERATE_INFOPLIST_FILE = YES;
				IPHONEOS_DEPLOYMENT_TARGET = 17.2;
				MARKETING_VERSION = 1.0;
				PRODUCT_BUNDLE_IDENTIFIER = "DanielCarpio.WOM-AppTests";
				PRODUCT_NAME = "$(TARGET_NAME)";
				SWIFT_EMIT_LOC_STRINGS = NO;
				SWIFT_VERSION = 5.0;
				TARGETED_DEVICE_FAMILY = "1,2";
				TEST_HOST = "$(BUILT_PRODUCTS_DIR)/WOM-App.app/$(BUNDLE_EXECUTABLE_FOLDER_PATH)/WOM-App";
			};
			name = Release;
		};
		225248A42B96637400B808FB /* Debug */ = {
			isa = XCBuildConfiguration;
			buildSettings = {
				ALWAYS_EMBED_SWIFT_STANDARD_LIBRARIES = YES;
				CODE_SIGN_STYLE = Automatic;
				CURRENT_PROJECT_VERSION = 1;
				GENERATE_INFOPLIST_FILE = YES;
				MARKETING_VERSION = 1.0;
				PRODUCT_BUNDLE_IDENTIFIER = "DanielCarpio.WOM-AppUITests";
				PRODUCT_NAME = "$(TARGET_NAME)";
				SWIFT_EMIT_LOC_STRINGS = NO;
				SWIFT_VERSION = 5.0;
				TARGETED_DEVICE_FAMILY = "1,2";
				TEST_TARGET_NAME = "WOM-App";
			};
			name = Debug;
		};
		225248A52B96637400B808FB /* Release */ = {
			isa = XCBuildConfiguration;
			buildSettings = {
				ALWAYS_EMBED_SWIFT_STANDARD_LIBRARIES = YES;
				CODE_SIGN_STYLE = Automatic;
				CURRENT_PROJECT_VERSION = 1;
				GENERATE_INFOPLIST_FILE = YES;
				MARKETING_VERSION = 1.0;
				PRODUCT_BUNDLE_IDENTIFIER = "DanielCarpio.WOM-AppUITests";
				PRODUCT_NAME = "$(TARGET_NAME)";
				SWIFT_EMIT_LOC_STRINGS = NO;
				SWIFT_VERSION = 5.0;
				TARGETED_DEVICE_FAMILY = "1,2";
				TEST_TARGET_NAME = "WOM-App";
			};
			name = Release;
		};
/* End XCBuildConfiguration section */

/* Begin XCConfigurationList section */
		2252486E2B96637300B808FB /* Build configuration list for PBXProject "WOM-App" */ = {
			isa = XCConfigurationList;
			buildConfigurations = (
				2252489B2B96637400B808FB /* Debug */,
				2252489C2B96637400B808FB /* Release */,
			);
			defaultConfigurationIsVisible = 0;
			defaultConfigurationName = Release;
		};
		2252489D2B96637400B808FB /* Build configuration list for PBXNativeTarget "WOM-App" */ = {
			isa = XCConfigurationList;
			buildConfigurations = (
				2252489E2B96637400B808FB /* Debug */,
				2252489F2B96637400B808FB /* Release */,
			);
			defaultConfigurationIsVisible = 0;
			defaultConfigurationName = Release;
		};
		225248A02B96637400B808FB /* Build configuration list for PBXNativeTarget "WOM-AppTests" */ = {
			isa = XCConfigurationList;
			buildConfigurations = (
				225248A12B96637400B808FB /* Debug */,
				225248A22B96637400B808FB /* Release */,
			);
			defaultConfigurationIsVisible = 0;
			defaultConfigurationName = Release;
		};
		225248A32B96637400B808FB /* Build configuration list for PBXNativeTarget "WOM-AppUITests" */ = {
			isa = XCConfigurationList;
			buildConfigurations = (
				225248A42B96637400B808FB /* Debug */,
				225248A52B96637400B808FB /* Release */,
			);
			defaultConfigurationIsVisible = 0;
			defaultConfigurationName = Release;
		};
/* End XCConfigurationList section */

/* Begin XCRemoteSwiftPackageReference section */
		225249032B96B43600B808FB /* XCRemoteSwiftPackageReference "Kingfisher" */ = {
			isa = XCRemoteSwiftPackageReference;
			repositoryURL = "https://github.com/onevcat/Kingfisher.git";
			requirement = {
				kind = upToNextMajorVersion;
				minimumVersion = 7.11.0;
			};
		};
/* End XCRemoteSwiftPackageReference section */

/* Begin XCSwiftPackageProductDependency section */
		225249042B96B43600B808FB /* Kingfisher */ = {
			isa = XCSwiftPackageProductDependency;
			package = 225249032B96B43600B808FB /* XCRemoteSwiftPackageReference "Kingfisher" */;
			productName = Kingfisher;
		};
/* End XCSwiftPackageProductDependency section */
	};
	rootObject = 2252486B2B96637300B808FB /* Project object */;
}
